// !$*UTF8*$!
{
	archiveVersion = 1;
	classes = {
	};
	objectVersion = 55;
	objects = {

/* Begin PBXBuildFile section */
		5C19470429A377C100B849B4 /* Oauth_alamofireApp.swift in Sources */ = {isa = PBXBuildFile; fileRef = 5C19470329A377C100B849B4 /* Oauth_alamofireApp.swift */; };
		5C19470629A377C100B849B4 /* ContentView.swift in Sources */ = {isa = PBXBuildFile; fileRef = 5C19470529A377C100B849B4 /* ContentView.swift */; };
		5C19470829A377C200B849B4 /* Assets.xcassets in Resources */ = {isa = PBXBuildFile; fileRef = 5C19470729A377C200B849B4 /* Assets.xcassets */; };
		5C19470B29A377C200B849B4 /* Preview Assets.xcassets in Resources */ = {isa = PBXBuildFile; fileRef = 5C19470A29A377C200B849B4 /* Preview Assets.xcassets */; };
		5C19471329A37B4700B849B4 /* LoginView.swift in Sources */ = {isa = PBXBuildFile; fileRef = 5C19471229A37B4700B849B4 /* LoginView.swift */; };
		5C19471529A37DB900B849B4 /* RegisterView.swift in Sources */ = {isa = PBXBuildFile; fileRef = 5C19471429A37DB900B849B4 /* RegisterView.swift */; };
		5C19471729A37E7900B849B4 /* ProfileView.swift in Sources */ = {isa = PBXBuildFile; fileRef = 5C19471629A37E7900B849B4 /* ProfileView.swift */; };
		5C19471B29A37EC300B849B4 /* UserData.swift in Sources */ = {isa = PBXBuildFile; fileRef = 5C19471A29A37EC300B849B4 /* UserData.swift */; };
		5C19471E29A38A3100B849B4 /* OtherProfileView.swift in Sources */ = {isa = PBXBuildFile; fileRef = 5C19471D29A38A3100B849B4 /* OtherProfileView.swift */; };
		5C19472029A38AEE00B849B4 /* UserListView.swift in Sources */ = {isa = PBXBuildFile; fileRef = 5C19471F29A38AEE00B849B4 /* UserListView.swift */; };
		5C19472329A38FAF00B849B4 /* Alamofire in Frameworks */ = {isa = PBXBuildFile; productRef = 5C19472229A38FAF00B849B4 /* Alamofire */; };
		5C19472929A391C100B849B4 /* ApiClient.swift in Sources */ = {isa = PBXBuildFile; fileRef = 5C19472829A391C100B849B4 /* ApiClient.swift */; };
		5C19472B29A393B400B849B4 /* BaseInterceptor.swift in Sources */ = {isa = PBXBuildFile; fileRef = 5C19472A29A393B400B849B4 /* BaseInterceptor.swift */; };
		5C19472D29A3955E00B849B4 /* ApiLogger.swift in Sources */ = {isa = PBXBuildFile; fileRef = 5C19472C29A3955E00B849B4 /* ApiLogger.swift */; };
/* End PBXBuildFile section */

/* Begin PBXFileReference section */
		5C19470029A377C100B849B4 /* Oauth_alamofire.app */ = {isa = PBXFileReference; explicitFileType = wrapper.application; includeInIndex = 0; path = Oauth_alamofire.app; sourceTree = BUILT_PRODUCTS_DIR; };
		5C19470329A377C100B849B4 /* Oauth_alamofireApp.swift */ = {isa = PBXFileReference; lastKnownFileType = sourcecode.swift; path = Oauth_alamofireApp.swift; sourceTree = "<group>"; };
		5C19470529A377C100B849B4 /* ContentView.swift */ = {isa = PBXFileReference; lastKnownFileType = sourcecode.swift; path = ContentView.swift; sourceTree = "<group>"; };
		5C19470729A377C200B849B4 /* Assets.xcassets */ = {isa = PBXFileReference; lastKnownFileType = folder.assetcatalog; path = Assets.xcassets; sourceTree = "<group>"; };
		5C19470A29A377C200B849B4 /* Preview Assets.xcassets */ = {isa = PBXFileReference; lastKnownFileType = folder.assetcatalog; path = "Preview Assets.xcassets"; sourceTree = "<group>"; };
		5C19471229A37B4700B849B4 /* LoginView.swift */ = {isa = PBXFileReference; lastKnownFileType = sourcecode.swift; path = LoginView.swift; sourceTree = "<group>"; };
		5C19471429A37DB900B849B4 /* RegisterView.swift */ = {isa = PBXFileReference; lastKnownFileType = sourcecode.swift; path = RegisterView.swift; sourceTree = "<group>"; };
		5C19471629A37E7900B849B4 /* ProfileView.swift */ = {isa = PBXFileReference; lastKnownFileType = sourcecode.swift; path = ProfileView.swift; sourceTree = "<group>"; };
		5C19471A29A37EC300B849B4 /* UserData.swift */ = {isa = PBXFileReference; lastKnownFileType = sourcecode.swift; path = UserData.swift; sourceTree = "<group>"; };
		5C19471C29A3899300B849B4 /* Oauth-alamofire-Info.plist */ = {isa = PBXFileReference; lastKnownFileType = text.plist; path = "Oauth-alamofire-Info.plist"; sourceTree = SOURCE_ROOT; };
		5C19471D29A38A3100B849B4 /* OtherProfileView.swift */ = {isa = PBXFileReference; lastKnownFileType = sourcecode.swift; path = OtherProfileView.swift; sourceTree = "<group>"; };
		5C19471F29A38AEE00B849B4 /* UserListView.swift */ = {isa = PBXFileReference; lastKnownFileType = sourcecode.swift; path = UserListView.swift; sourceTree = "<group>"; };
		5C19472829A391C100B849B4 /* ApiClient.swift */ = {isa = PBXFileReference; lastKnownFileType = sourcecode.swift; path = ApiClient.swift; sourceTree = "<group>"; };
		5C19472A29A393B400B849B4 /* BaseInterceptor.swift */ = {isa = PBXFileReference; lastKnownFileType = sourcecode.swift; path = BaseInterceptor.swift; sourceTree = "<group>"; };
		5C19472C29A3955E00B849B4 /* ApiLogger.swift */ = {isa = PBXFileReference; lastKnownFileType = sourcecode.swift; path = ApiLogger.swift; sourceTree = "<group>"; };
/* End PBXFileReference section */

/* Begin PBXFrameworksBuildPhase section */
		5C1946FD29A377C100B849B4 /* Frameworks */ = {
			isa = PBXFrameworksBuildPhase;
			buildActionMask = 2147483647;
			files = (
				5C19472329A38FAF00B849B4 /* Alamofire in Frameworks */,
			);
			runOnlyForDeploymentPostprocessing = 0;
		};
/* End PBXFrameworksBuildPhase section */

/* Begin PBXGroup section */
		5C1946F729A377C100B849B4 = {
			isa = PBXGroup;
			children = (
				5C19470229A377C100B849B4 /* Oauth_alamofire */,
				5C19470129A377C100B849B4 /* Products */,
			);
			sourceTree = "<group>";
		};
		5C19470129A377C100B849B4 /* Products */ = {
			isa = PBXGroup;
			children = (
				5C19470029A377C100B849B4 /* Oauth_alamofire.app */,
			);
			name = Products;
			sourceTree = "<group>";
		};
		5C19470229A377C100B849B4 /* Oauth_alamofire */ = {
			isa = PBXGroup;
			children = (
				5C19472429A3918E00B849B4 /* API */,
				5C19471C29A3899300B849B4 /* Oauth-alamofire-Info.plist */,
				5C19471929A37EB400B849B4 /* Model */,
				5C19471129A37B3400B849B4 /* View */,
				5C19470329A377C100B849B4 /* Oauth_alamofireApp.swift */,
				5C19470729A377C200B849B4 /* Assets.xcassets */,
				5C19470929A377C200B849B4 /* Preview Content */,
			);
			path = Oauth_alamofire;
			sourceTree = "<group>";
		};
		5C19470929A377C200B849B4 /* Preview Content */ = {
			isa = PBXGroup;
			children = (
				5C19470A29A377C200B849B4 /* Preview Assets.xcassets */,
			);
			path = "Preview Content";
			sourceTree = "<group>";
		};
		5C19471129A37B3400B849B4 /* View */ = {
			isa = PBXGroup;
			children = (
				5C19470529A377C100B849B4 /* ContentView.swift */,
				5C19471229A37B4700B849B4 /* LoginView.swift */,
				5C19471429A37DB900B849B4 /* RegisterView.swift */,
				5C19471629A37E7900B849B4 /* ProfileView.swift */,
				5C19471D29A38A3100B849B4 /* OtherProfileView.swift */,
				5C19471F29A38AEE00B849B4 /* UserListView.swift */,
			);
			path = View;
			sourceTree = "<group>";
		};
		5C19471929A37EB400B849B4 /* Model */ = {
			isa = PBXGroup;
			children = (
				5C19471A29A37EC300B849B4 /* UserData.swift */,
			);
			path = Model;
			sourceTree = "<group>";
		};
		5C19472429A3918E00B849B4 /* API */ = {
			isa = PBXGroup;
			children = (
				5C19472629A391A100B849B4 /* Router */,
				5C19472529A3919A00B849B4 /* Interceptor */,
				5C19472829A391C100B849B4 /* ApiClient.swift */,
				5C19472C29A3955E00B849B4 /* ApiLogger.swift */,
			);
			path = API;
			sourceTree = "<group>";
		};
		5C19472529A3919A00B849B4 /* Interceptor */ = {
			isa = PBXGroup;
			children = (
				5C19472A29A393B400B849B4 /* BaseInterceptor.swift */,
			);
			path = Interceptor;
			sourceTree = "<group>";
		};
		5C19472629A391A100B849B4 /* Router */ = {
			isa = PBXGroup;
			children = (
			);
			path = Router;
			sourceTree = "<group>";
		};
/* End PBXGroup section */

/* Begin PBXNativeTarget section */
		5C1946FF29A377C100B849B4 /* Oauth_alamofire */ = {
			isa = PBXNativeTarget;
			buildConfigurationList = 5C19470E29A377C200B849B4 /* Build configuration list for PBXNativeTarget "Oauth_alamofire" */;
			buildPhases = (
				5C1946FC29A377C100B849B4 /* Sources */,
				5C1946FD29A377C100B849B4 /* Frameworks */,
				5C1946FE29A377C100B849B4 /* Resources */,
			);
			buildRules = (
			);
			dependencies = (
			);
			name = Oauth_alamofire;
			packageProductDependencies = (
				5C19472229A38FAF00B849B4 /* Alamofire */,
			);
			productName = Oauth_alamofire;
			productReference = 5C19470029A377C100B849B4 /* Oauth_alamofire.app */;
			productType = "com.apple.product-type.application";
		};
/* End PBXNativeTarget section */

/* Begin PBXProject section */
		5C1946F829A377C100B849B4 /* Project object */ = {
			isa = PBXProject;
			attributes = {
				BuildIndependentTargetsInParallel = 1;
				LastSwiftUpdateCheck = 1340;
				LastUpgradeCheck = 1340;
				TargetAttributes = {
					5C1946FF29A377C100B849B4 = {
						CreatedOnToolsVersion = 13.4.1;
					};
				};
			};
			buildConfigurationList = 5C1946FB29A377C100B849B4 /* Build configuration list for PBXProject "Oauth_alamofire" */;
			compatibilityVersion = "Xcode 13.0";
			developmentRegion = en;
			hasScannedForEncodings = 0;
			knownRegions = (
				en,
				Base,
			);
			mainGroup = 5C1946F729A377C100B849B4;
			packageReferences = (
				5C19472129A38FAF00B849B4 /* XCRemoteSwiftPackageReference "Alamofire" */,
			);
			productRefGroup = 5C19470129A377C100B849B4 /* Products */;
			projectDirPath = "";
			projectRoot = "";
			targets = (
				5C1946FF29A377C100B849B4 /* Oauth_alamofire */,
			);
		};
/* End PBXProject section */

/* Begin PBXResourcesBuildPhase section */
		5C1946FE29A377C100B849B4 /* Resources */ = {
			isa = PBXResourcesBuildPhase;
			buildActionMask = 2147483647;
			files = (
				5C19470B29A377C200B849B4 /* Preview Assets.xcassets in Resources */,
				5C19470829A377C200B849B4 /* Assets.xcassets in Resources */,
			);
			runOnlyForDeploymentPostprocessing = 0;
		};
/* End PBXResourcesBuildPhase section */

/* Begin PBXSourcesBuildPhase section */
		5C1946FC29A377C100B849B4 /* Sources */ = {
			isa = PBXSourcesBuildPhase;
			buildActionMask = 2147483647;
			files = (
				5C19471B29A37EC300B849B4 /* UserData.swift in Sources */,
				5C19471329A37B4700B849B4 /* LoginView.swift in Sources */,
				5C19472929A391C100B849B4 /* ApiClient.swift in Sources */,
				5C19471529A37DB900B849B4 /* RegisterView.swift in Sources */,
				5C19472029A38AEE00B849B4 /* UserListView.swift in Sources */,
				5C19471E29A38A3100B849B4 /* OtherProfileView.swift in Sources */,
				5C19472B29A393B400B849B4 /* BaseInterceptor.swift in Sources */,
				5C19471729A37E7900B849B4 /* ProfileView.swift in Sources */,
				5C19470629A377C100B849B4 /* ContentView.swift in Sources */,
				5C19472D29A3955E00B849B4 /* ApiLogger.swift in Sources */,
				5C19470429A377C100B849B4 /* Oauth_alamofireApp.swift in Sources */,
			);
			runOnlyForDeploymentPostprocessing = 0;
		};
/* End PBXSourcesBuildPhase section */

/* Begin XCBuildConfiguration section */
		5C19470C29A377C200B849B4 /* Debug */ = {
			isa = XCBuildConfiguration;
			buildSettings = {
				ALWAYS_SEARCH_USER_PATHS = NO;
				CLANG_ANALYZER_NONNULL = YES;
				CLANG_ANALYZER_NUMBER_OBJECT_CONVERSION = YES_AGGRESSIVE;
				CLANG_CXX_LANGUAGE_STANDARD = "gnu++17";
				CLANG_ENABLE_MODULES = YES;
				CLANG_ENABLE_OBJC_ARC = YES;
				CLANG_ENABLE_OBJC_WEAK = YES;
				CLANG_WARN_BLOCK_CAPTURE_AUTORELEASING = YES;
				CLANG_WARN_BOOL_CONVERSION = YES;
				CLANG_WARN_COMMA = YES;
				CLANG_WARN_CONSTANT_CONVERSION = YES;
				CLANG_WARN_DEPRECATED_OBJC_IMPLEMENTATIONS = YES;
				CLANG_WARN_DIRECT_OBJC_ISA_USAGE = YES_ERROR;
				CLANG_WARN_DOCUMENTATION_COMMENTS = YES;
				CLANG_WARN_EMPTY_BODY = YES;
				CLANG_WARN_ENUM_CONVERSION = YES;
				CLANG_WARN_INFINITE_RECURSION = YES;
				CLANG_WARN_INT_CONVERSION = YES;
				CLANG_WARN_NON_LITERAL_NULL_CONVERSION = YES;
				CLANG_WARN_OBJC_IMPLICIT_RETAIN_SELF = YES;
				CLANG_WARN_OBJC_LITERAL_CONVERSION = YES;
				CLANG_WARN_OBJC_ROOT_CLASS = YES_ERROR;
				CLANG_WARN_QUOTED_INCLUDE_IN_FRAMEWORK_HEADER = YES;
				CLANG_WARN_RANGE_LOOP_ANALYSIS = YES;
				CLANG_WARN_STRICT_PROTOTYPES = YES;
				CLANG_WARN_SUSPICIOUS_MOVE = YES;
				CLANG_WARN_UNGUARDED_AVAILABILITY = YES_AGGRESSIVE;
				CLANG_WARN_UNREACHABLE_CODE = YES;
				CLANG_WARN__DUPLICATE_METHOD_MATCH = YES;
				COPY_PHASE_STRIP = NO;
				DEBUG_INFORMATION_FORMAT = dwarf;
				ENABLE_STRICT_OBJC_MSGSEND = YES;
				ENABLE_TESTABILITY = YES;
				GCC_C_LANGUAGE_STANDARD = gnu11;
				GCC_DYNAMIC_NO_PIC = NO;
				GCC_NO_COMMON_BLOCKS = YES;
				GCC_OPTIMIZATION_LEVEL = 0;
				GCC_PREPROCESSOR_DEFINITIONS = (
					"DEBUG=1",
					"$(inherited)",
				);
				GCC_WARN_64_TO_32_BIT_CONVERSION = YES;
				GCC_WARN_ABOUT_RETURN_TYPE = YES_ERROR;
				GCC_WARN_UNDECLARED_SELECTOR = YES;
				GCC_WARN_UNINITIALIZED_AUTOS = YES_AGGRESSIVE;
				GCC_WARN_UNUSED_FUNCTION = YES;
				GCC_WARN_UNUSED_VARIABLE = YES;
				IPHONEOS_DEPLOYMENT_TARGET = 15.5;
				MTL_ENABLE_DEBUG_INFO = INCLUDE_SOURCE;
				MTL_FAST_MATH = YES;
				ONLY_ACTIVE_ARCH = YES;
				SDKROOT = iphoneos;
				SWIFT_ACTIVE_COMPILATION_CONDITIONS = DEBUG;
				SWIFT_OPTIMIZATION_LEVEL = "-Onone";
			};
			name = Debug;
		};
		5C19470D29A377C200B849B4 /* Release */ = {
			isa = XCBuildConfiguration;
			buildSettings = {
				ALWAYS_SEARCH_USER_PATHS = NO;
				CLANG_ANALYZER_NONNULL = YES;
				CLANG_ANALYZER_NUMBER_OBJECT_CONVERSION = YES_AGGRESSIVE;
				CLANG_CXX_LANGUAGE_STANDARD = "gnu++17";
				CLANG_ENABLE_MODULES = YES;
				CLANG_ENABLE_OBJC_ARC = YES;
				CLANG_ENABLE_OBJC_WEAK = YES;
				CLANG_WARN_BLOCK_CAPTURE_AUTORELEASING = YES;
				CLANG_WARN_BOOL_CONVERSION = YES;
				CLANG_WARN_COMMA = YES;
				CLANG_WARN_CONSTANT_CONVERSION = YES;
				CLANG_WARN_DEPRECATED_OBJC_IMPLEMENTATIONS = YES;
				CLANG_WARN_DIRECT_OBJC_ISA_USAGE = YES_ERROR;
				CLANG_WARN_DOCUMENTATION_COMMENTS = YES;
				CLANG_WARN_EMPTY_BODY = YES;
				CLANG_WARN_ENUM_CONVERSION = YES;
				CLANG_WARN_INFINITE_RECURSION = YES;
				CLANG_WARN_INT_CONVERSION = YES;
				CLANG_WARN_NON_LITERAL_NULL_CONVERSION = YES;
				CLANG_WARN_OBJC_IMPLICIT_RETAIN_SELF = YES;
				CLANG_WARN_OBJC_LITERAL_CONVERSION = YES;
				CLANG_WARN_OBJC_ROOT_CLASS = YES_ERROR;
				CLANG_WARN_QUOTED_INCLUDE_IN_FRAMEWORK_HEADER = YES;
				CLANG_WARN_RANGE_LOOP_ANALYSIS = YES;
				CLANG_WARN_STRICT_PROTOTYPES = YES;
				CLANG_WARN_SUSPICIOUS_MOVE = YES;
				CLANG_WARN_UNGUARDED_AVAILABILITY = YES_AGGRESSIVE;
				CLANG_WARN_UNREACHABLE_CODE = YES;
				CLANG_WARN__DUPLICATE_METHOD_MATCH = YES;
				COPY_PHASE_STRIP = NO;
				DEBUG_INFORMATION_FORMAT = "dwarf-with-dsym";
				ENABLE_NS_ASSERTIONS = NO;
				ENABLE_STRICT_OBJC_MSGSEND = YES;
				GCC_C_LANGUAGE_STANDARD = gnu11;
				GCC_NO_COMMON_BLOCKS = YES;
				GCC_WARN_64_TO_32_BIT_CONVERSION = YES;
				GCC_WARN_ABOUT_RETURN_TYPE = YES_ERROR;
				GCC_WARN_UNDECLARED_SELECTOR = YES;
				GCC_WARN_UNINITIALIZED_AUTOS = YES_AGGRESSIVE;
				GCC_WARN_UNUSED_FUNCTION = YES;
				GCC_WARN_UNUSED_VARIABLE = YES;
				IPHONEOS_DEPLOYMENT_TARGET = 15.5;
				MTL_ENABLE_DEBUG_INFO = NO;
				MTL_FAST_MATH = YES;
				SDKROOT = iphoneos;
				SWIFT_COMPILATION_MODE = wholemodule;
				SWIFT_OPTIMIZATION_LEVEL = "-O";
				VALIDATE_PRODUCT = YES;
			};
			name = Release;
		};
		5C19470F29A377C200B849B4 /* Debug */ = {
			isa = XCBuildConfiguration;
			buildSettings = {
				ASSETCATALOG_COMPILER_APPICON_NAME = AppIcon;
				ASSETCATALOG_COMPILER_GLOBAL_ACCENT_COLOR_NAME = AccentColor;
				CODE_SIGN_STYLE = Automatic;
				CURRENT_PROJECT_VERSION = 1;
				DEVELOPMENT_ASSET_PATHS = "\"Oauth_alamofire/Preview Content\"";
				ENABLE_PREVIEWS = YES;
				GENERATE_INFOPLIST_FILE = YES;
				INFOPLIST_FILE = "Oauth-alamofire-Info.plist";
				INFOPLIST_KEY_UIApplicationSceneManifest_Generation = YES;
				INFOPLIST_KEY_UIApplicationSupportsIndirectInputEvents = YES;
				INFOPLIST_KEY_UILaunchScreen_Generation = YES;
				INFOPLIST_KEY_UISupportedInterfaceOrientations_iPad = "UIInterfaceOrientationPortrait UIInterfaceOrientationPortraitUpsideDown UIInterfaceOrientationLandscapeLeft UIInterfaceOrientationLandscapeRight";
				INFOPLIST_KEY_UISupportedInterfaceOrientations_iPhone = "UIInterfaceOrientationPortrait UIInterfaceOrientationLandscapeLeft UIInterfaceOrientationLandscapeRight";
				LD_RUNPATH_SEARCH_PATHS = (
					"$(inherited)",
					"@executable_path/Frameworks",
				);
				MARKETING_VERSION = 1.0;
				PRODUCT_BUNDLE_IDENTIFIER = "yoonhyeokCho.Oauth-alamofire";
				PRODUCT_NAME = "$(TARGET_NAME)";
				SWIFT_EMIT_LOC_STRINGS = YES;
				SWIFT_VERSION = 5.0;
				TARGETED_DEVICE_FAMILY = "1,2";
			};
			name = Debug;
		};
		5C19471029A377C200B849B4 /* Release */ = {
			isa = XCBuildConfiguration;
			buildSettings = {
				ASSETCATALOG_COMPILER_APPICON_NAME = AppIcon;
				ASSETCATALOG_COMPILER_GLOBAL_ACCENT_COLOR_NAME = AccentColor;
				CODE_SIGN_STYLE = Automatic;
				CURRENT_PROJECT_VERSION = 1;
				DEVELOPMENT_ASSET_PATHS = "\"Oauth_alamofire/Preview Content\"";
				ENABLE_PREVIEWS = YES;
				GENERATE_INFOPLIST_FILE = YES;
				INFOPLIST_FILE = "Oauth-alamofire-Info.plist";
				INFOPLIST_KEY_UIApplicationSceneManifest_Generation = YES;
				INFOPLIST_KEY_UIApplicationSupportsIndirectInputEvents = YES;
				INFOPLIST_KEY_UILaunchScreen_Generation = YES;
				INFOPLIST_KEY_UISupportedInterfaceOrientations_iPad = "UIInterfaceOrientationPortrait UIInterfaceOrientationPortraitUpsideDown UIInterfaceOrientationLandscapeLeft UIInterfaceOrientationLandscapeRight";
				INFOPLIST_KEY_UISupportedInterfaceOrientations_iPhone = "UIInterfaceOrientationPortrait UIInterfaceOrientationLandscapeLeft UIInterfaceOrientationLandscapeRight";
				LD_RUNPATH_SEARCH_PATHS = (
					"$(inherited)",
					"@executable_path/Frameworks",
				);
				MARKETING_VERSION = 1.0;
				PRODUCT_BUNDLE_IDENTIFIER = "yoonhyeokCho.Oauth-alamofire";
				PRODUCT_NAME = "$(TARGET_NAME)";
				SWIFT_EMIT_LOC_STRINGS = YES;
				SWIFT_VERSION = 5.0;
				TARGETED_DEVICE_FAMILY = "1,2";
			};
			name = Release;
		};
/* End XCBuildConfiguration section */

/* Begin XCConfigurationList section */
		5C1946FB29A377C100B849B4 /* Build configuration list for PBXProject "Oauth_alamofire" */ = {
			isa = XCConfigurationList;
			buildConfigurations = (
				5C19470C29A377C200B849B4 /* Debug */,
				5C19470D29A377C200B849B4 /* Release */,
			);
			defaultConfigurationIsVisible = 0;
			defaultConfigurationName = Release;
		};
		5C19470E29A377C200B849B4 /* Build configuration list for PBXNativeTarget "Oauth_alamofire" */ = {
			isa = XCConfigurationList;
			buildConfigurations = (
				5C19470F29A377C200B849B4 /* Debug */,
				5C19471029A377C200B849B4 /* Release */,
			);
			defaultConfigurationIsVisible = 0;
			defaultConfigurationName = Release;
		};
/* End XCConfigurationList section */

/* Begin XCRemoteSwiftPackageReference section */
		5C19472129A38FAF00B849B4 /* XCRemoteSwiftPackageReference "Alamofire" */ = {
			isa = XCRemoteSwiftPackageReference;
			repositoryURL = "https://github.com/Alamofire/Alamofire";
			requirement = {
				kind = upToNextMajorVersion;
				minimumVersion = 5.0.0;
			};
		};
/* End XCRemoteSwiftPackageReference section */

/* Begin XCSwiftPackageProductDependency section */
		5C19472229A38FAF00B849B4 /* Alamofire */ = {
			isa = XCSwiftPackageProductDependency;
			package = 5C19472129A38FAF00B849B4 /* XCRemoteSwiftPackageReference "Alamofire" */;
			productName = Alamofire;
		};
/* End XCSwiftPackageProductDependency section */
	};
	rootObject = 5C1946F829A377C100B849B4 /* Project object */;
}
