// !$*UTF8*$!
{
	archiveVersion = 1;
	classes = {
	};
	objectVersion = 55;
	objects = {

/* Begin PBXBuildFile section */
		5C1632A629ADF44700A47E38 /* WeatherApp.swift in Sources */ = {isa = PBXBuildFile; fileRef = 5C1632A529ADF44700A47E38 /* WeatherApp.swift */; };
		5C1632A829ADF44700A47E38 /* ContentView.swift in Sources */ = {isa = PBXBuildFile; fileRef = 5C1632A729ADF44700A47E38 /* ContentView.swift */; };
		5C1632AA29ADF44900A47E38 /* Assets.xcassets in Resources */ = {isa = PBXBuildFile; fileRef = 5C1632A929ADF44900A47E38 /* Assets.xcassets */; };
		5C1632AD29ADF44900A47E38 /* Preview Assets.xcassets in Resources */ = {isa = PBXBuildFile; fileRef = 5C1632AC29ADF44900A47E38 /* Preview Assets.xcassets */; };
		5C1632C329AE140900A47E38 /* ApiClient.swift in Sources */ = {isa = PBXBuildFile; fileRef = 5C1632C229AE140900A47E38 /* ApiClient.swift */; };
		5C1632C629AE146000A47E38 /* Alamofire in Frameworks */ = {isa = PBXBuildFile; productRef = 5C1632C529AE146000A47E38 /* Alamofire */; };
		5C1632C829AE184300A47E38 /* WeatherRouter.swift in Sources */ = {isa = PBXBuildFile; fileRef = 5C1632C729AE184300A47E38 /* WeatherRouter.swift */; };
		5C1632CC29AE244500A47E38 /* WeatherResponse.swift in Sources */ = {isa = PBXBuildFile; fileRef = 5C1632CB29AE244500A47E38 /* WeatherResponse.swift */; };
		5C1632CE29AE29A300A47E38 /* WeatherViewModel.swift in Sources */ = {isa = PBXBuildFile; fileRef = 5C1632CD29AE29A300A47E38 /* WeatherViewModel.swift */; };
		5C1632D329AE2D9900A47E38 /* WeatherApiService.swift in Sources */ = {isa = PBXBuildFile; fileRef = 5C1632D229AE2D9900A47E38 /* WeatherApiService.swift */; };
		5CE3226B29AF24FC00914D56 /* WeatherInfo.plist in Resources */ = {isa = PBXBuildFile; fileRef = 5CE3226A29AF24FC00914D56 /* WeatherInfo.plist */; };
		5CE3226E29AF2A7600914D56 /* WEATHER++Bundle.swift in Sources */ = {isa = PBXBuildFile; fileRef = 5CE3226D29AF2A7600914D56 /* WEATHER++Bundle.swift */; };
/* End PBXBuildFile section */

/* Begin PBXFileReference section */
		5C1632A229ADF44700A47E38 /* Weather.app */ = {isa = PBXFileReference; explicitFileType = wrapper.application; includeInIndex = 0; path = Weather.app; sourceTree = BUILT_PRODUCTS_DIR; };
		5C1632A529ADF44700A47E38 /* WeatherApp.swift */ = {isa = PBXFileReference; lastKnownFileType = sourcecode.swift; path = WeatherApp.swift; sourceTree = "<group>"; };
		5C1632A729ADF44700A47E38 /* ContentView.swift */ = {isa = PBXFileReference; lastKnownFileType = sourcecode.swift; path = ContentView.swift; sourceTree = "<group>"; };
		5C1632A929ADF44900A47E38 /* Assets.xcassets */ = {isa = PBXFileReference; lastKnownFileType = folder.assetcatalog; path = Assets.xcassets; sourceTree = "<group>"; };
		5C1632AC29ADF44900A47E38 /* Preview Assets.xcassets */ = {isa = PBXFileReference; lastKnownFileType = folder.assetcatalog; path = "Preview Assets.xcassets"; sourceTree = "<group>"; };
		5C1632C229AE140900A47E38 /* ApiClient.swift */ = {isa = PBXFileReference; lastKnownFileType = sourcecode.swift; path = ApiClient.swift; sourceTree = "<group>"; };
		5C1632C729AE184300A47E38 /* WeatherRouter.swift */ = {isa = PBXFileReference; lastKnownFileType = sourcecode.swift; path = WeatherRouter.swift; sourceTree = "<group>"; };
		5C1632CB29AE244500A47E38 /* WeatherResponse.swift */ = {isa = PBXFileReference; lastKnownFileType = sourcecode.swift; path = WeatherResponse.swift; sourceTree = "<group>"; };
		5C1632CD29AE29A300A47E38 /* WeatherViewModel.swift */ = {isa = PBXFileReference; lastKnownFileType = sourcecode.swift; path = WeatherViewModel.swift; sourceTree = "<group>"; };
		5C1632D229AE2D9900A47E38 /* WeatherApiService.swift */ = {isa = PBXFileReference; lastKnownFileType = sourcecode.swift; path = WeatherApiService.swift; sourceTree = "<group>"; };
		5CE3226A29AF24FC00914D56 /* WeatherInfo.plist */ = {isa = PBXFileReference; lastKnownFileType = text.plist.xml; path = WeatherInfo.plist; sourceTree = "<group>"; };
		5CE3226D29AF2A7600914D56 /* WEATHER++Bundle.swift */ = {isa = PBXFileReference; lastKnownFileType = sourcecode.swift; path = "WEATHER++Bundle.swift"; sourceTree = "<group>"; };
/* End PBXFileReference section */

/* Begin PBXFrameworksBuildPhase section */
		5C16329F29ADF44700A47E38 /* Frameworks */ = {
			isa = PBXFrameworksBuildPhase;
			buildActionMask = 2147483647;
			files = (
				5C1632C629AE146000A47E38 /* Alamofire in Frameworks */,
			);
			runOnlyForDeploymentPostprocessing = 0;
		};
/* End PBXFrameworksBuildPhase section */

/* Begin PBXGroup section */
		5C16329929ADF44700A47E38 = {
			isa = PBXGroup;
			children = (
				5C1632A429ADF44700A47E38 /* Weather */,
				5C1632A329ADF44700A47E38 /* Products */,
			);
			sourceTree = "<group>";
		};
		5C1632A329ADF44700A47E38 /* Products */ = {
			isa = PBXGroup;
			children = (
				5C1632A229ADF44700A47E38 /* Weather.app */,
			);
			name = Products;
			sourceTree = "<group>";
		};
		5C1632A429ADF44700A47E38 /* Weather */ = {
			isa = PBXGroup;
			children = (
				5C1632B929AE0C4400A47E38 /* ViewModel */,
				5C1632BA29AE0C5400A47E38 /* API */,
				5C1632B829AE0C3F00A47E38 /* Model */,
				5C1632B729AE0C3300A47E38 /* View */,
				5C1632A529ADF44700A47E38 /* WeatherApp.swift */,
				5C1632A929ADF44900A47E38 /* Assets.xcassets */,
				5C1632AB29ADF44900A47E38 /* Preview Content */,
				5CE3226A29AF24FC00914D56 /* WeatherInfo.plist */,
				5CE3226D29AF2A7600914D56 /* WEATHER++Bundle.swift */,
			);
			path = Weather;
			sourceTree = "<group>";
		};
		5C1632AB29ADF44900A47E38 /* Preview Content */ = {
			isa = PBXGroup;
			children = (
				5C1632AC29ADF44900A47E38 /* Preview Assets.xcassets */,
			);
			path = "Preview Content";
			sourceTree = "<group>";
		};
		5C1632B729AE0C3300A47E38 /* View */ = {
			isa = PBXGroup;
			children = (
				5C1632A729ADF44700A47E38 /* ContentView.swift */,
			);
			path = View;
			sourceTree = "<group>";
		};
		5C1632B829AE0C3F00A47E38 /* Model */ = {
			isa = PBXGroup;
			children = (
				5C1632CB29AE244500A47E38 /* WeatherResponse.swift */,
			);
			path = Model;
			sourceTree = "<group>";
		};
		5C1632B929AE0C4400A47E38 /* ViewModel */ = {
			isa = PBXGroup;
			children = (
				5C1632CD29AE29A300A47E38 /* WeatherViewModel.swift */,
			);
			path = ViewModel;
			sourceTree = "<group>";
		};
		5C1632BA29AE0C5400A47E38 /* API */ = {
			isa = PBXGroup;
			children = (
				5C1632CF29AE2C8700A47E38 /* Service */,
				5C1632BC29AE0C5E00A47E38 /* Router */,
				5C1632C229AE140900A47E38 /* ApiClient.swift */,
			);
			path = API;
			sourceTree = "<group>";
		};
		5C1632BC29AE0C5E00A47E38 /* Router */ = {
			isa = PBXGroup;
			children = (
				5C1632C729AE184300A47E38 /* WeatherRouter.swift */,
			);
			path = Router;
			sourceTree = "<group>";
		};
		5C1632CF29AE2C8700A47E38 /* Service */ = {
			isa = PBXGroup;
			children = (
				5C1632D229AE2D9900A47E38 /* WeatherApiService.swift */,
			);
			path = Service;
			sourceTree = "<group>";
		};
/* End PBXGroup section */

/* Begin PBXNativeTarget section */
		5C1632A129ADF44700A47E38 /* Weather */ = {
			isa = PBXNativeTarget;
			buildConfigurationList = 5C1632B029ADF44900A47E38 /* Build configuration list for PBXNativeTarget "Weather" */;
			buildPhases = (
				5C16329E29ADF44700A47E38 /* Sources */,
				5C16329F29ADF44700A47E38 /* Frameworks */,
				5C1632A029ADF44700A47E38 /* Resources */,
			);
			buildRules = (
			);
			dependencies = (
			);
			name = Weather;
			packageProductDependencies = (
				5C1632C529AE146000A47E38 /* Alamofire */,
			);
			productName = Weather;
			productReference = 5C1632A229ADF44700A47E38 /* Weather.app */;
			productType = "com.apple.product-type.application";
		};
/* End PBXNativeTarget section */

/* Begin PBXProject section */
		5C16329A29ADF44700A47E38 /* Project object */ = {
			isa = PBXProject;
			attributes = {
				BuildIndependentTargetsInParallel = 1;
				LastSwiftUpdateCheck = 1340;
				LastUpgradeCheck = 1340;
				TargetAttributes = {
					5C1632A129ADF44700A47E38 = {
						CreatedOnToolsVersion = 13.4.1;
					};
				};
			};
			buildConfigurationList = 5C16329D29ADF44700A47E38 /* Build configuration list for PBXProject "Weather" */;
			compatibilityVersion = "Xcode 13.0";
			developmentRegion = en;
			hasScannedForEncodings = 0;
			knownRegions = (
				en,
				Base,
			);
			mainGroup = 5C16329929ADF44700A47E38;
			packageReferences = (
				5C1632C429AE146000A47E38 /* XCRemoteSwiftPackageReference "Alamofire" */,
			);
			productRefGroup = 5C1632A329ADF44700A47E38 /* Products */;
			projectDirPath = "";
			projectRoot = "";
			targets = (
				5C1632A129ADF44700A47E38 /* Weather */,
			);
		};
/* End PBXProject section */

/* Begin PBXResourcesBuildPhase section */
		5C1632A029ADF44700A47E38 /* Resources */ = {
			isa = PBXResourcesBuildPhase;
			buildActionMask = 2147483647;
			files = (
				5C1632AD29ADF44900A47E38 /* Preview Assets.xcassets in Resources */,
				5C1632AA29ADF44900A47E38 /* Assets.xcassets in Resources */,
				5CE3226B29AF24FC00914D56 /* WeatherInfo.plist in Resources */,
			);
			runOnlyForDeploymentPostprocessing = 0;
		};
/* End PBXResourcesBuildPhase section */

/* Begin PBXSourcesBuildPhase section */
		5C16329E29ADF44700A47E38 /* Sources */ = {
			isa = PBXSourcesBuildPhase;
			buildActionMask = 2147483647;
			files = (
				5C1632A829ADF44700A47E38 /* ContentView.swift in Sources */,
				5C1632C829AE184300A47E38 /* WeatherRouter.swift in Sources */,
				5C1632CC29AE244500A47E38 /* WeatherResponse.swift in Sources */,
				5C1632CE29AE29A300A47E38 /* WeatherViewModel.swift in Sources */,
				5C1632D329AE2D9900A47E38 /* WeatherApiService.swift in Sources */,
				5C1632A629ADF44700A47E38 /* WeatherApp.swift in Sources */,
				5C1632C329AE140900A47E38 /* ApiClient.swift in Sources */,
				5CE3226E29AF2A7600914D56 /* WEATHER++Bundle.swift in Sources */,
			);
			runOnlyForDeploymentPostprocessing = 0;
		};
/* End PBXSourcesBuildPhase section */

/* Begin XCBuildConfiguration section */
		5C1632AE29ADF44900A47E38 /* Debug */ = {
			isa = XCBuildConfiguration;
			buildSettings = {
				ALWAYS_SEARCH_USER_PATHS = NO;
				CLANG_ANALYZER_NONNULL = YES;
				CLANG_ANALYZER_NUMBER_OBJECT_CONVERSION = YES_AGGRESSIVE;
				CLANG_CXX_LANGUAGE_STANDARD = "gnu++17";
				CLANG_ENABLE_MODULES = YES;
				CLANG_ENABLE_OBJC_ARC = YES;
				CLANG_ENABLE_OBJC_WEAK = YES;
				CLANG_WARN_BLOCK_CAPTURE_AUTORELEASING = YES;
				CLANG_WARN_BOOL_CONVERSION = YES;
				CLANG_WARN_COMMA = YES;
				CLANG_WARN_CONSTANT_CONVERSION = YES;
				CLANG_WARN_DEPRECATED_OBJC_IMPLEMENTATIONS = YES;
				CLANG_WARN_DIRECT_OBJC_ISA_USAGE = YES_ERROR;
				CLANG_WARN_DOCUMENTATION_COMMENTS = YES;
				CLANG_WARN_EMPTY_BODY = YES;
				CLANG_WARN_ENUM_CONVERSION = YES;
				CLANG_WARN_INFINITE_RECURSION = YES;
				CLANG_WARN_INT_CONVERSION = YES;
				CLANG_WARN_NON_LITERAL_NULL_CONVERSION = YES;
				CLANG_WARN_OBJC_IMPLICIT_RETAIN_SELF = YES;
				CLANG_WARN_OBJC_LITERAL_CONVERSION = YES;
				CLANG_WARN_OBJC_ROOT_CLASS = YES_ERROR;
				CLANG_WARN_QUOTED_INCLUDE_IN_FRAMEWORK_HEADER = YES;
				CLANG_WARN_RANGE_LOOP_ANALYSIS = YES;
				CLANG_WARN_STRICT_PROTOTYPES = YES;
				CLANG_WARN_SUSPICIOUS_MOVE = YES;
				CLANG_WARN_UNGUARDED_AVAILABILITY = YES_AGGRESSIVE;
				CLANG_WARN_UNREACHABLE_CODE = YES;
				CLANG_WARN__DUPLICATE_METHOD_MATCH = YES;
				COPY_PHASE_STRIP = NO;
				DEBUG_INFORMATION_FORMAT = dwarf;
				ENABLE_STRICT_OBJC_MSGSEND = YES;
				ENABLE_TESTABILITY = YES;
				GCC_C_LANGUAGE_STANDARD = gnu11;
				GCC_DYNAMIC_NO_PIC = NO;
				GCC_NO_COMMON_BLOCKS = YES;
				GCC_OPTIMIZATION_LEVEL = 0;
				GCC_PREPROCESSOR_DEFINITIONS = (
					"DEBUG=1",
					"$(inherited)",
				);
				GCC_WARN_64_TO_32_BIT_CONVERSION = YES;
				GCC_WARN_ABOUT_RETURN_TYPE = YES_ERROR;
				GCC_WARN_UNDECLARED_SELECTOR = YES;
				GCC_WARN_UNINITIALIZED_AUTOS = YES_AGGRESSIVE;
				GCC_WARN_UNUSED_FUNCTION = YES;
				GCC_WARN_UNUSED_VARIABLE = YES;
				IPHONEOS_DEPLOYMENT_TARGET = 15.5;
				MTL_ENABLE_DEBUG_INFO = INCLUDE_SOURCE;
				MTL_FAST_MATH = YES;
				ONLY_ACTIVE_ARCH = YES;
				SDKROOT = iphoneos;
				SWIFT_ACTIVE_COMPILATION_CONDITIONS = DEBUG;
				SWIFT_OPTIMIZATION_LEVEL = "-Onone";
			};
			name = Debug;
		};
		5C1632AF29ADF44900A47E38 /* Release */ = {
			isa = XCBuildConfiguration;
			buildSettings = {
				ALWAYS_SEARCH_USER_PATHS = NO;
				CLANG_ANALYZER_NONNULL = YES;
				CLANG_ANALYZER_NUMBER_OBJECT_CONVERSION = YES_AGGRESSIVE;
				CLANG_CXX_LANGUAGE_STANDARD = "gnu++17";
				CLANG_ENABLE_MODULES = YES;
				CLANG_ENABLE_OBJC_ARC = YES;
				CLANG_ENABLE_OBJC_WEAK = YES;
				CLANG_WARN_BLOCK_CAPTURE_AUTORELEASING = YES;
				CLANG_WARN_BOOL_CONVERSION = YES;
				CLANG_WARN_COMMA = YES;
				CLANG_WARN_CONSTANT_CONVERSION = YES;
				CLANG_WARN_DEPRECATED_OBJC_IMPLEMENTATIONS = YES;
				CLANG_WARN_DIRECT_OBJC_ISA_USAGE = YES_ERROR;
				CLANG_WARN_DOCUMENTATION_COMMENTS = YES;
				CLANG_WARN_EMPTY_BODY = YES;
				CLANG_WARN_ENUM_CONVERSION = YES;
				CLANG_WARN_INFINITE_RECURSION = YES;
				CLANG_WARN_INT_CONVERSION = YES;
				CLANG_WARN_NON_LITERAL_NULL_CONVERSION = YES;
				CLANG_WARN_OBJC_IMPLICIT_RETAIN_SELF = YES;
				CLANG_WARN_OBJC_LITERAL_CONVERSION = YES;
				CLANG_WARN_OBJC_ROOT_CLASS = YES_ERROR;
				CLANG_WARN_QUOTED_INCLUDE_IN_FRAMEWORK_HEADER = YES;
				CLANG_WARN_RANGE_LOOP_ANALYSIS = YES;
				CLANG_WARN_STRICT_PROTOTYPES = YES;
				CLANG_WARN_SUSPICIOUS_MOVE = YES;
				CLANG_WARN_UNGUARDED_AVAILABILITY = YES_AGGRESSIVE;
				CLANG_WARN_UNREACHABLE_CODE = YES;
				CLANG_WARN__DUPLICATE_METHOD_MATCH = YES;
				COPY_PHASE_STRIP = NO;
				DEBUG_INFORMATION_FORMAT = "dwarf-with-dsym";
				ENABLE_NS_ASSERTIONS = NO;
				ENABLE_STRICT_OBJC_MSGSEND = YES;
				GCC_C_LANGUAGE_STANDARD = gnu11;
				GCC_NO_COMMON_BLOCKS = YES;
				GCC_WARN_64_TO_32_BIT_CONVERSION = YES;
				GCC_WARN_ABOUT_RETURN_TYPE = YES_ERROR;
				GCC_WARN_UNDECLARED_SELECTOR = YES;
				GCC_WARN_UNINITIALIZED_AUTOS = YES_AGGRESSIVE;
				GCC_WARN_UNUSED_FUNCTION = YES;
				GCC_WARN_UNUSED_VARIABLE = YES;
				IPHONEOS_DEPLOYMENT_TARGET = 15.5;
				MTL_ENABLE_DEBUG_INFO = NO;
				MTL_FAST_MATH = YES;
				SDKROOT = iphoneos;
				SWIFT_COMPILATION_MODE = wholemodule;
				SWIFT_OPTIMIZATION_LEVEL = "-O";
				VALIDATE_PRODUCT = YES;
			};
			name = Release;
		};
		5C1632B129ADF44900A47E38 /* Debug */ = {
			isa = XCBuildConfiguration;
			buildSettings = {
				ASSETCATALOG_COMPILER_APPICON_NAME = AppIcon;
				ASSETCATALOG_COMPILER_GLOBAL_ACCENT_COLOR_NAME = AccentColor;
				CODE_SIGN_STYLE = Automatic;
				CURRENT_PROJECT_VERSION = 1;
				DEVELOPMENT_ASSET_PATHS = "\"Weather/Preview Content\"";
				ENABLE_PREVIEWS = YES;
				GENERATE_INFOPLIST_FILE = YES;
				INFOPLIST_KEY_UIApplicationSceneManifest_Generation = YES;
				INFOPLIST_KEY_UIApplicationSupportsIndirectInputEvents = YES;
				INFOPLIST_KEY_UILaunchScreen_Generation = YES;
				INFOPLIST_KEY_UISupportedInterfaceOrientations_iPad = "UIInterfaceOrientationPortrait UIInterfaceOrientationPortraitUpsideDown UIInterfaceOrientationLandscapeLeft UIInterfaceOrientationLandscapeRight";
				INFOPLIST_KEY_UISupportedInterfaceOrientations_iPhone = "UIInterfaceOrientationPortrait UIInterfaceOrientationLandscapeLeft UIInterfaceOrientationLandscapeRight";
				LD_RUNPATH_SEARCH_PATHS = (
					"$(inherited)",
					"@executable_path/Frameworks",
				);
				MARKETING_VERSION = 1.0;
				PRODUCT_BUNDLE_IDENTIFIER = yoonhyeokCho.Weather;
				PRODUCT_NAME = "$(TARGET_NAME)";
				SWIFT_EMIT_LOC_STRINGS = YES;
				SWIFT_VERSION = 5.0;
				TARGETED_DEVICE_FAMILY = "1,2";
			};
			name = Debug;
		};
		5C1632B229ADF44900A47E38 /* Release */ = {
			isa = XCBuildConfiguration;
			buildSettings = {
				ASSETCATALOG_COMPILER_APPICON_NAME = AppIcon;
				ASSETCATALOG_COMPILER_GLOBAL_ACCENT_COLOR_NAME = AccentColor;
				CODE_SIGN_STYLE = Automatic;
				CURRENT_PROJECT_VERSION = 1;
				DEVELOPMENT_ASSET_PATHS = "\"Weather/Preview Content\"";
				ENABLE_PREVIEWS = YES;
				GENERATE_INFOPLIST_FILE = YES;
				INFOPLIST_KEY_UIApplicationSceneManifest_Generation = YES;
				INFOPLIST_KEY_UIApplicationSupportsIndirectInputEvents = YES;
				INFOPLIST_KEY_UILaunchScreen_Generation = YES;
				INFOPLIST_KEY_UISupportedInterfaceOrientations_iPad = "UIInterfaceOrientationPortrait UIInterfaceOrientationPortraitUpsideDown UIInterfaceOrientationLandscapeLeft UIInterfaceOrientationLandscapeRight";
				INFOPLIST_KEY_UISupportedInterfaceOrientations_iPhone = "UIInterfaceOrientationPortrait UIInterfaceOrientationLandscapeLeft UIInterfaceOrientationLandscapeRight";
				LD_RUNPATH_SEARCH_PATHS = (
					"$(inherited)",
					"@executable_path/Frameworks",
				);
				MARKETING_VERSION = 1.0;
				PRODUCT_BUNDLE_IDENTIFIER = yoonhyeokCho.Weather;
				PRODUCT_NAME = "$(TARGET_NAME)";
				SWIFT_EMIT_LOC_STRINGS = YES;
				SWIFT_VERSION = 5.0;
				TARGETED_DEVICE_FAMILY = "1,2";
			};
			name = Release;
		};
/* End XCBuildConfiguration section */

/* Begin XCConfigurationList section */
		5C16329D29ADF44700A47E38 /* Build configuration list for PBXProject "Weather" */ = {
			isa = XCConfigurationList;
			buildConfigurations = (
				5C1632AE29ADF44900A47E38 /* Debug */,
				5C1632AF29ADF44900A47E38 /* Release */,
			);
			defaultConfigurationIsVisible = 0;
			defaultConfigurationName = Release;
		};
		5C1632B029ADF44900A47E38 /* Build configuration list for PBXNativeTarget "Weather" */ = {
			isa = XCConfigurationList;
			buildConfigurations = (
				5C1632B129ADF44900A47E38 /* Debug */,
				5C1632B229ADF44900A47E38 /* Release */,
			);
			defaultConfigurationIsVisible = 0;
			defaultConfigurationName = Release;
		};
/* End XCConfigurationList section */

/* Begin XCRemoteSwiftPackageReference section */
		5C1632C429AE146000A47E38 /* XCRemoteSwiftPackageReference "Alamofire" */ = {
			isa = XCRemoteSwiftPackageReference;
			repositoryURL = "https://github.com/Alamofire/Alamofire";
			requirement = {
				branch = master;
				kind = branch;
			};
		};
/* End XCRemoteSwiftPackageReference section */

/* Begin XCSwiftPackageProductDependency section */
		5C1632C529AE146000A47E38 /* Alamofire */ = {
			isa = XCSwiftPackageProductDependency;
			package = 5C1632C429AE146000A47E38 /* XCRemoteSwiftPackageReference "Alamofire" */;
			productName = Alamofire;
		};
/* End XCSwiftPackageProductDependency section */
	};
	rootObject = 5C16329A29ADF44700A47E38 /* Project object */;
}
