// !$*UTF8*$!
{
	archiveVersion = 1;
	classes = {
	};
	objectVersion = 55;
	objects = {

/* Begin PBXBuildFile section */
		5C3292E8296C2BE100D7FDDF /* SwiftUI_tutorial__1App.swift in Sources */ = {isa = PBXBuildFile; fileRef = 5C3292E7296C2BE100D7FDDF /* SwiftUI_tutorial__1App.swift */; };
		5C3292EA296C2BE100D7FDDF /* ContentView.swift in Sources */ = {isa = PBXBuildFile; fileRef = 5C3292E9296C2BE100D7FDDF /* ContentView.swift */; };
		5C3292EC296C2BE200D7FDDF /* Assets.xcassets in Resources */ = {isa = PBXBuildFile; fileRef = 5C3292EB296C2BE200D7FDDF /* Assets.xcassets */; };
		5C3292EF296C2BE200D7FDDF /* Preview Assets.xcassets in Resources */ = {isa = PBXBuildFile; fileRef = 5C3292EE296C2BE200D7FDDF /* Preview Assets.xcassets */; };
		5C3292F9296C2BE200D7FDDF /* SwiftUI_tutorial__1Tests.swift in Sources */ = {isa = PBXBuildFile; fileRef = 5C3292F8296C2BE200D7FDDF /* SwiftUI_tutorial__1Tests.swift */; };
		5C329303296C2BE200D7FDDF /* SwiftUI_tutorial__1UITests.swift in Sources */ = {isa = PBXBuildFile; fileRef = 5C329302296C2BE200D7FDDF /* SwiftUI_tutorial__1UITests.swift */; };
		5C329305296C2BE200D7FDDF /* SwiftUI_tutorial__1UITestsLaunchTests.swift in Sources */ = {isa = PBXBuildFile; fileRef = 5C329304296C2BE200D7FDDF /* SwiftUI_tutorial__1UITestsLaunchTests.swift */; };
		5C329312296C2C1D00D7FDDF /* MyVstack.swift in Sources */ = {isa = PBXBuildFile; fileRef = 5C329311296C2C1D00D7FDDF /* MyVstack.swift */; };
		5C329314296C31B800D7FDDF /* MyTextView.swift in Sources */ = {isa = PBXBuildFile; fileRef = 5C329313296C31B800D7FDDF /* MyTextView.swift */; };
/* End PBXBuildFile section */

/* Begin PBXContainerItemProxy section */
		5C3292F5296C2BE200D7FDDF /* PBXContainerItemProxy */ = {
			isa = PBXContainerItemProxy;
			containerPortal = 5C3292DC296C2BE100D7FDDF /* Project object */;
			proxyType = 1;
			remoteGlobalIDString = 5C3292E3296C2BE100D7FDDF;
			remoteInfo = "SwiftUI_tutorial_#1";
		};
		5C3292FF296C2BE200D7FDDF /* PBXContainerItemProxy */ = {
			isa = PBXContainerItemProxy;
			containerPortal = 5C3292DC296C2BE100D7FDDF /* Project object */;
			proxyType = 1;
			remoteGlobalIDString = 5C3292E3296C2BE100D7FDDF;
			remoteInfo = "SwiftUI_tutorial_#1";
		};
/* End PBXContainerItemProxy section */

/* Begin PBXFileReference section */
		5C3292E4296C2BE100D7FDDF /* SwiftUI_tutorial_#1.app */ = {isa = PBXFileReference; explicitFileType = wrapper.application; includeInIndex = 0; path = "SwiftUI_tutorial_#1.app"; sourceTree = BUILT_PRODUCTS_DIR; };
		5C3292E7296C2BE100D7FDDF /* SwiftUI_tutorial__1App.swift */ = {isa = PBXFileReference; lastKnownFileType = sourcecode.swift; path = SwiftUI_tutorial__1App.swift; sourceTree = "<group>"; };
		5C3292E9296C2BE100D7FDDF /* ContentView.swift */ = {isa = PBXFileReference; lastKnownFileType = sourcecode.swift; path = ContentView.swift; sourceTree = "<group>"; };
		5C3292EB296C2BE200D7FDDF /* Assets.xcassets */ = {isa = PBXFileReference; lastKnownFileType = folder.assetcatalog; path = Assets.xcassets; sourceTree = "<group>"; };
		5C3292EE296C2BE200D7FDDF /* Preview Assets.xcassets */ = {isa = PBXFileReference; lastKnownFileType = folder.assetcatalog; path = "Preview Assets.xcassets"; sourceTree = "<group>"; };
		5C3292F4296C2BE200D7FDDF /* SwiftUI_tutorial_#1Tests.xctest */ = {isa = PBXFileReference; explicitFileType = wrapper.cfbundle; includeInIndex = 0; path = "SwiftUI_tutorial_#1Tests.xctest"; sourceTree = BUILT_PRODUCTS_DIR; };
		5C3292F8296C2BE200D7FDDF /* SwiftUI_tutorial__1Tests.swift */ = {isa = PBXFileReference; lastKnownFileType = sourcecode.swift; path = SwiftUI_tutorial__1Tests.swift; sourceTree = "<group>"; };
		5C3292FE296C2BE200D7FDDF /* SwiftUI_tutorial_#1UITests.xctest */ = {isa = PBXFileReference; explicitFileType = wrapper.cfbundle; includeInIndex = 0; path = "SwiftUI_tutorial_#1UITests.xctest"; sourceTree = BUILT_PRODUCTS_DIR; };
		5C329302296C2BE200D7FDDF /* SwiftUI_tutorial__1UITests.swift */ = {isa = PBXFileReference; lastKnownFileType = sourcecode.swift; path = SwiftUI_tutorial__1UITests.swift; sourceTree = "<group>"; };
		5C329304296C2BE200D7FDDF /* SwiftUI_tutorial__1UITestsLaunchTests.swift */ = {isa = PBXFileReference; lastKnownFileType = sourcecode.swift; path = SwiftUI_tutorial__1UITestsLaunchTests.swift; sourceTree = "<group>"; };
		5C329311296C2C1D00D7FDDF /* MyVstack.swift */ = {isa = PBXFileReference; lastKnownFileType = sourcecode.swift; path = MyVstack.swift; sourceTree = "<group>"; };
		5C329313296C31B800D7FDDF /* MyTextView.swift */ = {isa = PBXFileReference; lastKnownFileType = sourcecode.swift; path = MyTextView.swift; sourceTree = "<group>"; };
/* End PBXFileReference section */

/* Begin PBXFrameworksBuildPhase section */
		5C3292E1296C2BE100D7FDDF /* Frameworks */ = {
			isa = PBXFrameworksBuildPhase;
			buildActionMask = 2147483647;
			files = (
			);
			runOnlyForDeploymentPostprocessing = 0;
		};
		5C3292F1296C2BE200D7FDDF /* Frameworks */ = {
			isa = PBXFrameworksBuildPhase;
			buildActionMask = 2147483647;
			files = (
			);
			runOnlyForDeploymentPostprocessing = 0;
		};
		5C3292FB296C2BE200D7FDDF /* Frameworks */ = {
			isa = PBXFrameworksBuildPhase;
			buildActionMask = 2147483647;
			files = (
			);
			runOnlyForDeploymentPostprocessing = 0;
		};
/* End PBXFrameworksBuildPhase section */

/* Begin PBXGroup section */
		5C3292DB296C2BE100D7FDDF = {
			isa = PBXGroup;
			children = (
				5C3292E6296C2BE100D7FDDF /* SwiftUI_tutorial_#1 */,
				5C3292F7296C2BE200D7FDDF /* SwiftUI_tutorial_#1Tests */,
				5C329301296C2BE200D7FDDF /* SwiftUI_tutorial_#1UITests */,
				5C3292E5296C2BE100D7FDDF /* Products */,
			);
			sourceTree = "<group>";
		};
		5C3292E5296C2BE100D7FDDF /* Products */ = {
			isa = PBXGroup;
			children = (
				5C3292E4296C2BE100D7FDDF /* SwiftUI_tutorial_#1.app */,
				5C3292F4296C2BE200D7FDDF /* SwiftUI_tutorial_#1Tests.xctest */,
				5C3292FE296C2BE200D7FDDF /* SwiftUI_tutorial_#1UITests.xctest */,
			);
			name = Products;
			sourceTree = "<group>";
		};
		5C3292E6296C2BE100D7FDDF /* SwiftUI_tutorial_#1 */ = {
			isa = PBXGroup;
			children = (
				5C3292E7296C2BE100D7FDDF /* SwiftUI_tutorial__1App.swift */,
				5C3292E9296C2BE100D7FDDF /* ContentView.swift */,
				5C3292EB296C2BE200D7FDDF /* Assets.xcassets */,
				5C3292ED296C2BE200D7FDDF /* Preview Content */,
				5C329311296C2C1D00D7FDDF /* MyVstack.swift */,
				5C329313296C31B800D7FDDF /* MyTextView.swift */,
			);
			path = "SwiftUI_tutorial_#1";
			sourceTree = "<group>";
		};
		5C3292ED296C2BE200D7FDDF /* Preview Content */ = {
			isa = PBXGroup;
			children = (
				5C3292EE296C2BE200D7FDDF /* Preview Assets.xcassets */,
			);
			path = "Preview Content";
			sourceTree = "<group>";
		};
		5C3292F7296C2BE200D7FDDF /* SwiftUI_tutorial_#1Tests */ = {
			isa = PBXGroup;
			children = (
				5C3292F8296C2BE200D7FDDF /* SwiftUI_tutorial__1Tests.swift */,
			);
			path = "SwiftUI_tutorial_#1Tests";
			sourceTree = "<group>";
		};
		5C329301296C2BE200D7FDDF /* SwiftUI_tutorial_#1UITests */ = {
			isa = PBXGroup;
			children = (
				5C329302296C2BE200D7FDDF /* SwiftUI_tutorial__1UITests.swift */,
				5C329304296C2BE200D7FDDF /* SwiftUI_tutorial__1UITestsLaunchTests.swift */,
			);
			path = "SwiftUI_tutorial_#1UITests";
			sourceTree = "<group>";
		};
/* End PBXGroup section */

/* Begin PBXNativeTarget section */
		5C3292E3296C2BE100D7FDDF /* SwiftUI_tutorial_#1 */ = {
			isa = PBXNativeTarget;
			buildConfigurationList = 5C329308296C2BE200D7FDDF /* Build configuration list for PBXNativeTarget "SwiftUI_tutorial_#1" */;
			buildPhases = (
				5C3292E0296C2BE100D7FDDF /* Sources */,
				5C3292E1296C2BE100D7FDDF /* Frameworks */,
				5C3292E2296C2BE100D7FDDF /* Resources */,
			);
			buildRules = (
			);
			dependencies = (
			);
			name = "SwiftUI_tutorial_#1";
			productName = "SwiftUI_tutorial_#1";
			productReference = 5C3292E4296C2BE100D7FDDF /* SwiftUI_tutorial_#1.app */;
			productType = "com.apple.product-type.application";
		};
		5C3292F3296C2BE200D7FDDF /* SwiftUI_tutorial_#1Tests */ = {
			isa = PBXNativeTarget;
			buildConfigurationList = 5C32930B296C2BE200D7FDDF /* Build configuration list for PBXNativeTarget "SwiftUI_tutorial_#1Tests" */;
			buildPhases = (
				5C3292F0296C2BE200D7FDDF /* Sources */,
				5C3292F1296C2BE200D7FDDF /* Frameworks */,
				5C3292F2296C2BE200D7FDDF /* Resources */,
			);
			buildRules = (
			);
			dependencies = (
				5C3292F6296C2BE200D7FDDF /* PBXTargetDependency */,
			);
			name = "SwiftUI_tutorial_#1Tests";
			productName = "SwiftUI_tutorial_#1Tests";
			productReference = 5C3292F4296C2BE200D7FDDF /* SwiftUI_tutorial_#1Tests.xctest */;
			productType = "com.apple.product-type.bundle.unit-test";
		};
		5C3292FD296C2BE200D7FDDF /* SwiftUI_tutorial_#1UITests */ = {
			isa = PBXNativeTarget;
			buildConfigurationList = 5C32930E296C2BE200D7FDDF /* Build configuration list for PBXNativeTarget "SwiftUI_tutorial_#1UITests" */;
			buildPhases = (
				5C3292FA296C2BE200D7FDDF /* Sources */,
				5C3292FB296C2BE200D7FDDF /* Frameworks */,
				5C3292FC296C2BE200D7FDDF /* Resources */,
			);
			buildRules = (
			);
			dependencies = (
				5C329300296C2BE200D7FDDF /* PBXTargetDependency */,
			);
			name = "SwiftUI_tutorial_#1UITests";
			productName = "SwiftUI_tutorial_#1UITests";
			productReference = 5C3292FE296C2BE200D7FDDF /* SwiftUI_tutorial_#1UITests.xctest */;
			productType = "com.apple.product-type.bundle.ui-testing";
		};
/* End PBXNativeTarget section */

/* Begin PBXProject section */
		5C3292DC296C2BE100D7FDDF /* Project object */ = {
			isa = PBXProject;
			attributes = {
				BuildIndependentTargetsInParallel = 1;
				LastSwiftUpdateCheck = 1340;
				LastUpgradeCheck = 1340;
				TargetAttributes = {
					5C3292E3296C2BE100D7FDDF = {
						CreatedOnToolsVersion = 13.4.1;
					};
					5C3292F3296C2BE200D7FDDF = {
						CreatedOnToolsVersion = 13.4.1;
						TestTargetID = 5C3292E3296C2BE100D7FDDF;
					};
					5C3292FD296C2BE200D7FDDF = {
						CreatedOnToolsVersion = 13.4.1;
						TestTargetID = 5C3292E3296C2BE100D7FDDF;
					};
				};
			};
			buildConfigurationList = 5C3292DF296C2BE100D7FDDF /* Build configuration list for PBXProject "SwiftUI_tutorial_#1" */;
			compatibilityVersion = "Xcode 13.0";
			developmentRegion = en;
			hasScannedForEncodings = 0;
			knownRegions = (
				en,
				Base,
			);
			mainGroup = 5C3292DB296C2BE100D7FDDF;
			productRefGroup = 5C3292E5296C2BE100D7FDDF /* Products */;
			projectDirPath = "";
			projectRoot = "";
			targets = (
				5C3292E3296C2BE100D7FDDF /* SwiftUI_tutorial_#1 */,
				5C3292F3296C2BE200D7FDDF /* SwiftUI_tutorial_#1Tests */,
				5C3292FD296C2BE200D7FDDF /* SwiftUI_tutorial_#1UITests */,
			);
		};
/* End PBXProject section */

/* Begin PBXResourcesBuildPhase section */
		5C3292E2296C2BE100D7FDDF /* Resources */ = {
			isa = PBXResourcesBuildPhase;
			buildActionMask = 2147483647;
			files = (
				5C3292EF296C2BE200D7FDDF /* Preview Assets.xcassets in Resources */,
				5C3292EC296C2BE200D7FDDF /* Assets.xcassets in Resources */,
			);
			runOnlyForDeploymentPostprocessing = 0;
		};
		5C3292F2296C2BE200D7FDDF /* Resources */ = {
			isa = PBXResourcesBuildPhase;
			buildActionMask = 2147483647;
			files = (
			);
			runOnlyForDeploymentPostprocessing = 0;
		};
		5C3292FC296C2BE200D7FDDF /* Resources */ = {
			isa = PBXResourcesBuildPhase;
			buildActionMask = 2147483647;
			files = (
			);
			runOnlyForDeploymentPostprocessing = 0;
		};
/* End PBXResourcesBuildPhase section */

/* Begin PBXSourcesBuildPhase section */
		5C3292E0296C2BE100D7FDDF /* Sources */ = {
			isa = PBXSourcesBuildPhase;
			buildActionMask = 2147483647;
			files = (
				5C329312296C2C1D00D7FDDF /* MyVstack.swift in Sources */,
				5C329314296C31B800D7FDDF /* MyTextView.swift in Sources */,
				5C3292EA296C2BE100D7FDDF /* ContentView.swift in Sources */,
				5C3292E8296C2BE100D7FDDF /* SwiftUI_tutorial__1App.swift in Sources */,
			);
			runOnlyForDeploymentPostprocessing = 0;
		};
		5C3292F0296C2BE200D7FDDF /* Sources */ = {
			isa = PBXSourcesBuildPhase;
			buildActionMask = 2147483647;
			files = (
				5C3292F9296C2BE200D7FDDF /* SwiftUI_tutorial__1Tests.swift in Sources */,
			);
			runOnlyForDeploymentPostprocessing = 0;
		};
		5C3292FA296C2BE200D7FDDF /* Sources */ = {
			isa = PBXSourcesBuildPhase;
			buildActionMask = 2147483647;
			files = (
				5C329305296C2BE200D7FDDF /* SwiftUI_tutorial__1UITestsLaunchTests.swift in Sources */,
				5C329303296C2BE200D7FDDF /* SwiftUI_tutorial__1UITests.swift in Sources */,
			);
			runOnlyForDeploymentPostprocessing = 0;
		};
/* End PBXSourcesBuildPhase section */

/* Begin PBXTargetDependency section */
		5C3292F6296C2BE200D7FDDF /* PBXTargetDependency */ = {
			isa = PBXTargetDependency;
			target = 5C3292E3296C2BE100D7FDDF /* SwiftUI_tutorial_#1 */;
			targetProxy = 5C3292F5296C2BE200D7FDDF /* PBXContainerItemProxy */;
		};
		5C329300296C2BE200D7FDDF /* PBXTargetDependency */ = {
			isa = PBXTargetDependency;
			target = 5C3292E3296C2BE100D7FDDF /* SwiftUI_tutorial_#1 */;
			targetProxy = 5C3292FF296C2BE200D7FDDF /* PBXContainerItemProxy */;
		};
/* End PBXTargetDependency section */

/* Begin XCBuildConfiguration section */
		5C329306296C2BE200D7FDDF /* Debug */ = {
			isa = XCBuildConfiguration;
			buildSettings = {
				ALWAYS_SEARCH_USER_PATHS = NO;
				CLANG_ANALYZER_NONNULL = YES;
				CLANG_ANALYZER_NUMBER_OBJECT_CONVERSION = YES_AGGRESSIVE;
				CLANG_CXX_LANGUAGE_STANDARD = "gnu++17";
				CLANG_ENABLE_MODULES = YES;
				CLANG_ENABLE_OBJC_ARC = YES;
				CLANG_ENABLE_OBJC_WEAK = YES;
				CLANG_WARN_BLOCK_CAPTURE_AUTORELEASING = YES;
				CLANG_WARN_BOOL_CONVERSION = YES;
				CLANG_WARN_COMMA = YES;
				CLANG_WARN_CONSTANT_CONVERSION = YES;
				CLANG_WARN_DEPRECATED_OBJC_IMPLEMENTATIONS = YES;
				CLANG_WARN_DIRECT_OBJC_ISA_USAGE = YES_ERROR;
				CLANG_WARN_DOCUMENTATION_COMMENTS = YES;
				CLANG_WARN_EMPTY_BODY = YES;
				CLANG_WARN_ENUM_CONVERSION = YES;
				CLANG_WARN_INFINITE_RECURSION = YES;
				CLANG_WARN_INT_CONVERSION = YES;
				CLANG_WARN_NON_LITERAL_NULL_CONVERSION = YES;
				CLANG_WARN_OBJC_IMPLICIT_RETAIN_SELF = YES;
				CLANG_WARN_OBJC_LITERAL_CONVERSION = YES;
				CLANG_WARN_OBJC_ROOT_CLASS = YES_ERROR;
				CLANG_WARN_QUOTED_INCLUDE_IN_FRAMEWORK_HEADER = YES;
				CLANG_WARN_RANGE_LOOP_ANALYSIS = YES;
				CLANG_WARN_STRICT_PROTOTYPES = YES;
				CLANG_WARN_SUSPICIOUS_MOVE = YES;
				CLANG_WARN_UNGUARDED_AVAILABILITY = YES_AGGRESSIVE;
				CLANG_WARN_UNREACHABLE_CODE = YES;
				CLANG_WARN__DUPLICATE_METHOD_MATCH = YES;
				COPY_PHASE_STRIP = NO;
				DEBUG_INFORMATION_FORMAT = dwarf;
				ENABLE_STRICT_OBJC_MSGSEND = YES;
				ENABLE_TESTABILITY = YES;
				GCC_C_LANGUAGE_STANDARD = gnu11;
				GCC_DYNAMIC_NO_PIC = NO;
				GCC_NO_COMMON_BLOCKS = YES;
				GCC_OPTIMIZATION_LEVEL = 0;
				GCC_PREPROCESSOR_DEFINITIONS = (
					"DEBUG=1",
					"$(inherited)",
				);
				GCC_WARN_64_TO_32_BIT_CONVERSION = YES;
				GCC_WARN_ABOUT_RETURN_TYPE = YES_ERROR;
				GCC_WARN_UNDECLARED_SELECTOR = YES;
				GCC_WARN_UNINITIALIZED_AUTOS = YES_AGGRESSIVE;
				GCC_WARN_UNUSED_FUNCTION = YES;
				GCC_WARN_UNUSED_VARIABLE = YES;
				IPHONEOS_DEPLOYMENT_TARGET = 15.5;
				MTL_ENABLE_DEBUG_INFO = INCLUDE_SOURCE;
				MTL_FAST_MATH = YES;
				ONLY_ACTIVE_ARCH = YES;
				SDKROOT = iphoneos;
				SWIFT_ACTIVE_COMPILATION_CONDITIONS = DEBUG;
				SWIFT_OPTIMIZATION_LEVEL = "-Onone";
			};
			name = Debug;
		};
		5C329307296C2BE200D7FDDF /* Release */ = {
			isa = XCBuildConfiguration;
			buildSettings = {
				ALWAYS_SEARCH_USER_PATHS = NO;
				CLANG_ANALYZER_NONNULL = YES;
				CLANG_ANALYZER_NUMBER_OBJECT_CONVERSION = YES_AGGRESSIVE;
				CLANG_CXX_LANGUAGE_STANDARD = "gnu++17";
				CLANG_ENABLE_MODULES = YES;
				CLANG_ENABLE_OBJC_ARC = YES;
				CLANG_ENABLE_OBJC_WEAK = YES;
				CLANG_WARN_BLOCK_CAPTURE_AUTORELEASING = YES;
				CLANG_WARN_BOOL_CONVERSION = YES;
				CLANG_WARN_COMMA = YES;
				CLANG_WARN_CONSTANT_CONVERSION = YES;
				CLANG_WARN_DEPRECATED_OBJC_IMPLEMENTATIONS = YES;
				CLANG_WARN_DIRECT_OBJC_ISA_USAGE = YES_ERROR;
				CLANG_WARN_DOCUMENTATION_COMMENTS = YES;
				CLANG_WARN_EMPTY_BODY = YES;
				CLANG_WARN_ENUM_CONVERSION = YES;
				CLANG_WARN_INFINITE_RECURSION = YES;
				CLANG_WARN_INT_CONVERSION = YES;
				CLANG_WARN_NON_LITERAL_NULL_CONVERSION = YES;
				CLANG_WARN_OBJC_IMPLICIT_RETAIN_SELF = YES;
				CLANG_WARN_OBJC_LITERAL_CONVERSION = YES;
				CLANG_WARN_OBJC_ROOT_CLASS = YES_ERROR;
				CLANG_WARN_QUOTED_INCLUDE_IN_FRAMEWORK_HEADER = YES;
				CLANG_WARN_RANGE_LOOP_ANALYSIS = YES;
				CLANG_WARN_STRICT_PROTOTYPES = YES;
				CLANG_WARN_SUSPICIOUS_MOVE = YES;
				CLANG_WARN_UNGUARDED_AVAILABILITY = YES_AGGRESSIVE;
				CLANG_WARN_UNREACHABLE_CODE = YES;
				CLANG_WARN__DUPLICATE_METHOD_MATCH = YES;
				COPY_PHASE_STRIP = NO;
				DEBUG_INFORMATION_FORMAT = "dwarf-with-dsym";
				ENABLE_NS_ASSERTIONS = NO;
				ENABLE_STRICT_OBJC_MSGSEND = YES;
				GCC_C_LANGUAGE_STANDARD = gnu11;
				GCC_NO_COMMON_BLOCKS = YES;
				GCC_WARN_64_TO_32_BIT_CONVERSION = YES;
				GCC_WARN_ABOUT_RETURN_TYPE = YES_ERROR;
				GCC_WARN_UNDECLARED_SELECTOR = YES;
				GCC_WARN_UNINITIALIZED_AUTOS = YES_AGGRESSIVE;
				GCC_WARN_UNUSED_FUNCTION = YES;
				GCC_WARN_UNUSED_VARIABLE = YES;
				IPHONEOS_DEPLOYMENT_TARGET = 15.5;
				MTL_ENABLE_DEBUG_INFO = NO;
				MTL_FAST_MATH = YES;
				SDKROOT = iphoneos;
				SWIFT_COMPILATION_MODE = wholemodule;
				SWIFT_OPTIMIZATION_LEVEL = "-O";
				VALIDATE_PRODUCT = YES;
			};
			name = Release;
		};
		5C329309296C2BE200D7FDDF /* Debug */ = {
			isa = XCBuildConfiguration;
			buildSettings = {
				ASSETCATALOG_COMPILER_APPICON_NAME = AppIcon;
				ASSETCATALOG_COMPILER_GLOBAL_ACCENT_COLOR_NAME = AccentColor;
				CODE_SIGN_STYLE = Automatic;
				CURRENT_PROJECT_VERSION = 1;
				DEVELOPMENT_ASSET_PATHS = "\"SwiftUI_tutorial_#1/Preview Content\"";
				ENABLE_PREVIEWS = YES;
				GENERATE_INFOPLIST_FILE = YES;
				INFOPLIST_KEY_UIApplicationSceneManifest_Generation = YES;
				INFOPLIST_KEY_UIApplicationSupportsIndirectInputEvents = YES;
				INFOPLIST_KEY_UILaunchScreen_Generation = YES;
				INFOPLIST_KEY_UISupportedInterfaceOrientations_iPad = "UIInterfaceOrientationPortrait UIInterfaceOrientationPortraitUpsideDown UIInterfaceOrientationLandscapeLeft UIInterfaceOrientationLandscapeRight";
				INFOPLIST_KEY_UISupportedInterfaceOrientations_iPhone = "UIInterfaceOrientationPortrait UIInterfaceOrientationLandscapeLeft UIInterfaceOrientationLandscapeRight";
				LD_RUNPATH_SEARCH_PATHS = (
					"$(inherited)",
					"@executable_path/Frameworks",
				);
				MARKETING_VERSION = 1.0;
				PRODUCT_BUNDLE_IDENTIFIER = "yoonhyeokCho.SwiftUI-tutorial--1";
				PRODUCT_NAME = "$(TARGET_NAME)";
				SWIFT_EMIT_LOC_STRINGS = YES;
				SWIFT_VERSION = 5.0;
				TARGETED_DEVICE_FAMILY = "1,2";
			};
			name = Debug;
		};
		5C32930A296C2BE200D7FDDF /* Release */ = {
			isa = XCBuildConfiguration;
			buildSettings = {
				ASSETCATALOG_COMPILER_APPICON_NAME = AppIcon;
				ASSETCATALOG_COMPILER_GLOBAL_ACCENT_COLOR_NAME = AccentColor;
				CODE_SIGN_STYLE = Automatic;
				CURRENT_PROJECT_VERSION = 1;
				DEVELOPMENT_ASSET_PATHS = "\"SwiftUI_tutorial_#1/Preview Content\"";
				ENABLE_PREVIEWS = YES;
				GENERATE_INFOPLIST_FILE = YES;
				INFOPLIST_KEY_UIApplicationSceneManifest_Generation = YES;
				INFOPLIST_KEY_UIApplicationSupportsIndirectInputEvents = YES;
				INFOPLIST_KEY_UILaunchScreen_Generation = YES;
				INFOPLIST_KEY_UISupportedInterfaceOrientations_iPad = "UIInterfaceOrientationPortrait UIInterfaceOrientationPortraitUpsideDown UIInterfaceOrientationLandscapeLeft UIInterfaceOrientationLandscapeRight";
				INFOPLIST_KEY_UISupportedInterfaceOrientations_iPhone = "UIInterfaceOrientationPortrait UIInterfaceOrientationLandscapeLeft UIInterfaceOrientationLandscapeRight";
				LD_RUNPATH_SEARCH_PATHS = (
					"$(inherited)",
					"@executable_path/Frameworks",
				);
				MARKETING_VERSION = 1.0;
				PRODUCT_BUNDLE_IDENTIFIER = "yoonhyeokCho.SwiftUI-tutorial--1";
				PRODUCT_NAME = "$(TARGET_NAME)";
				SWIFT_EMIT_LOC_STRINGS = YES;
				SWIFT_VERSION = 5.0;
				TARGETED_DEVICE_FAMILY = "1,2";
			};
			name = Release;
		};
		5C32930C296C2BE200D7FDDF /* Debug */ = {
			isa = XCBuildConfiguration;
			buildSettings = {
				ALWAYS_EMBED_SWIFT_STANDARD_LIBRARIES = YES;
				BUNDLE_LOADER = "$(TEST_HOST)";
				CODE_SIGN_STYLE = Automatic;
				CURRENT_PROJECT_VERSION = 1;
				GENERATE_INFOPLIST_FILE = YES;
				IPHONEOS_DEPLOYMENT_TARGET = 15.5;
				MARKETING_VERSION = 1.0;
				PRODUCT_BUNDLE_IDENTIFIER = "yoonhyeokCho.SwiftUI-tutorial--1Tests";
				PRODUCT_NAME = "$(TARGET_NAME)";
				SWIFT_EMIT_LOC_STRINGS = NO;
				SWIFT_VERSION = 5.0;
				TARGETED_DEVICE_FAMILY = "1,2";
				TEST_HOST = "$(BUILT_PRODUCTS_DIR)/SwiftUI_tutorial_#1.app/SwiftUI_tutorial_#1";
			};
			name = Debug;
		};
		5C32930D296C2BE200D7FDDF /* Release */ = {
			isa = XCBuildConfiguration;
			buildSettings = {
				ALWAYS_EMBED_SWIFT_STANDARD_LIBRARIES = YES;
				BUNDLE_LOADER = "$(TEST_HOST)";
				CODE_SIGN_STYLE = Automatic;
				CURRENT_PROJECT_VERSION = 1;
				GENERATE_INFOPLIST_FILE = YES;
				IPHONEOS_DEPLOYMENT_TARGET = 15.5;
				MARKETING_VERSION = 1.0;
				PRODUCT_BUNDLE_IDENTIFIER = "yoonhyeokCho.SwiftUI-tutorial--1Tests";
				PRODUCT_NAME = "$(TARGET_NAME)";
				SWIFT_EMIT_LOC_STRINGS = NO;
				SWIFT_VERSION = 5.0;
				TARGETED_DEVICE_FAMILY = "1,2";
				TEST_HOST = "$(BUILT_PRODUCTS_DIR)/SwiftUI_tutorial_#1.app/SwiftUI_tutorial_#1";
			};
			name = Release;
		};
		5C32930F296C2BE200D7FDDF /* Debug */ = {
			isa = XCBuildConfiguration;
			buildSettings = {
				ALWAYS_EMBED_SWIFT_STANDARD_LIBRARIES = YES;
				CODE_SIGN_STYLE = Automatic;
				CURRENT_PROJECT_VERSION = 1;
				GENERATE_INFOPLIST_FILE = YES;
				MARKETING_VERSION = 1.0;
				PRODUCT_BUNDLE_IDENTIFIER = "yoonhyeokCho.SwiftUI-tutorial--1UITests";
				PRODUCT_NAME = "$(TARGET_NAME)";
				SWIFT_EMIT_LOC_STRINGS = NO;
				SWIFT_VERSION = 5.0;
				TARGETED_DEVICE_FAMILY = "1,2";
				TEST_TARGET_NAME = "SwiftUI_tutorial_#1";
			};
			name = Debug;
		};
		5C329310296C2BE200D7FDDF /* Release */ = {
			isa = XCBuildConfiguration;
			buildSettings = {
				ALWAYS_EMBED_SWIFT_STANDARD_LIBRARIES = YES;
				CODE_SIGN_STYLE = Automatic;
				CURRENT_PROJECT_VERSION = 1;
				GENERATE_INFOPLIST_FILE = YES;
				MARKETING_VERSION = 1.0;
				PRODUCT_BUNDLE_IDENTIFIER = "yoonhyeokCho.SwiftUI-tutorial--1UITests";
				PRODUCT_NAME = "$(TARGET_NAME)";
				SWIFT_EMIT_LOC_STRINGS = NO;
				SWIFT_VERSION = 5.0;
				TARGETED_DEVICE_FAMILY = "1,2";
				TEST_TARGET_NAME = "SwiftUI_tutorial_#1";
			};
			name = Release;
		};
/* End XCBuildConfiguration section */

/* Begin XCConfigurationList section */
		5C3292DF296C2BE100D7FDDF /* Build configuration list for PBXProject "SwiftUI_tutorial_#1" */ = {
			isa = XCConfigurationList;
			buildConfigurations = (
				5C329306296C2BE200D7FDDF /* Debug */,
				5C329307296C2BE200D7FDDF /* Release */,
			);
			defaultConfigurationIsVisible = 0;
			defaultConfigurationName = Release;
		};
		5C329308296C2BE200D7FDDF /* Build configuration list for PBXNativeTarget "SwiftUI_tutorial_#1" */ = {
			isa = XCConfigurationList;
			buildConfigurations = (
				5C329309296C2BE200D7FDDF /* Debug */,
				5C32930A296C2BE200D7FDDF /* Release */,
			);
			defaultConfigurationIsVisible = 0;
			defaultConfigurationName = Release;
		};
		5C32930B296C2BE200D7FDDF /* Build configuration list for PBXNativeTarget "SwiftUI_tutorial_#1Tests" */ = {
			isa = XCConfigurationList;
			buildConfigurations = (
				5C32930C296C2BE200D7FDDF /* Debug */,
				5C32930D296C2BE200D7FDDF /* Release */,
			);
			defaultConfigurationIsVisible = 0;
			defaultConfigurationName = Release;
		};
		5C32930E296C2BE200D7FDDF /* Build configuration list for PBXNativeTarget "SwiftUI_tutorial_#1UITests" */ = {
			isa = XCConfigurationList;
			buildConfigurations = (
				5C32930F296C2BE200D7FDDF /* Debug */,
				5C329310296C2BE200D7FDDF /* Release */,
			);
			defaultConfigurationIsVisible = 0;
			defaultConfigurationName = Release;
		};
/* End XCConfigurationList section */
	};
	rootObject = 5C3292DC296C2BE100D7FDDF /* Project object */;
}
